
Microsoft Visual Studio Solution File, Format Version 12.00
# Visual Studio Version 16
VisualStudioVersion = 16.0.29709.97
MinimumVisualStudioVersion = 10.0.40219.1
Project("{FAE04EC0-301F-11D3-BF4B-00C04F79EFBC}") = "testSudoku", "testSudoku\testSudoku.csproj", "{EFFECE0E-A327-4128-A6C3-D02C8CB5855F}"
EndProject
Project("{FAE04EC0-301F-11D3-BF4B-00C04F79EFBC}") = "sudokuSolver", "sudokuSolver\sudokuSolver.csproj", "{CEA620D8-DF95-4643-BBBD-228811FEE0ED}"
EndProject
Global
	GlobalSection(SolutionConfigurationPlatforms) = preSolution
		Debug|Any CPU = Debug|Any CPU
		Release|Any CPU = Release|Any CPU
	EndGlobalSection
	GlobalSection(ProjectConfigurationPlatforms) = postSolution
		{EFFECE0E-A327-4128-A6C3-D02C8CB5855F}.Debug|Any CPU.ActiveCfg = Debug|Any CPU
		{EFFECE0E-A327-4128-A6C3-D02C8CB5855F}.Debug|Any CPU.Build.0 = Debug|Any CPU
		{EFFECE0E-A327-4128-A6C3-D02C8CB5855F}.Release|Any CPU.ActiveCfg = Release|Any CPU
		{EFFECE0E-A327-4128-A6C3-D02C8CB5855F}.Release|Any CPU.Build.0 = Release|Any CPU
		{CEA620D8-DF95-4643-BBBD-228811FEE0ED}.Debug|Any CPU.ActiveCfg = Debug|Any CPU
		{CEA620D8-DF95-4643-BBBD-228811FEE0ED}.Debug|Any CPU.Build.0 = Debug|Any CPU
		{CEA620D8-DF95-4643-BBBD-228811FEE0ED}.Release|Any CPU.ActiveCfg = Release|Any CPU
		{CEA620D8-DF95-4643-BBBD-228811FEE0ED}.Release|Any CPU.Build.0 = Release|Any CPU
	EndGlobalSection
	GlobalSection(SolutionProperties) = preSolution
		HideSolutionNode = FALSE
	EndGlobalSection
	GlobalSection(ExtensibilityGlobals) = postSolution
		SolutionGuid = {16553054-51E7-4B36-AFE9-502D8CBA6BC0}
	EndGlobalSection
EndGlobal
